// !$*UTF8*$!
{
	archiveVersion = 1;
	classes = {
	};
	objectVersion = 50;
	objects = {

/* Begin PBXBuildFile section */
		2B067BA022F98B12004A8051 /* ViewLayoutAndPresentationList.swift in Sources */ = {isa = PBXBuildFile; fileRef = 2B067B9F22F98B12004A8051 /* ViewLayoutAndPresentationList.swift */; };
		2B067BA222F98B46004A8051 /* HStack.swift in Sources */ = {isa = PBXBuildFile; fileRef = 2B067BA122F98B46004A8051 /* HStack.swift */; };
		2B067BA422F98BD5004A8051 /* VStack.swift in Sources */ = {isa = PBXBuildFile; fileRef = 2B067BA322F98BD5004A8051 /* VStack.swift */; };
		2B067BA622F98C08004A8051 /* ZStack.swift in Sources */ = {isa = PBXBuildFile; fileRef = 2B067BA522F98C08004A8051 /* ZStack.swift */; };
		2B067BA822F98C31004A8051 /* List.swift in Sources */ = {isa = PBXBuildFile; fileRef = 2B067BA722F98C30004A8051 /* List.swift */; };
		2B067BAA22F98C56004A8051 /* ScrollView.swift in Sources */ = {isa = PBXBuildFile; fileRef = 2B067BA922F98C56004A8051 /* ScrollView.swift */; };
		2B067BAC22F98D1C004A8051 /* Form.swift in Sources */ = {isa = PBXBuildFile; fileRef = 2B067BAB22F98D1C004A8051 /* Form.swift */; };
		2B067BAE22F98D63004A8051 /* Group.swift in Sources */ = {isa = PBXBuildFile; fileRef = 2B067BAD22F98D63004A8051 /* Group.swift */; };
		2B067BB122F98E30004A8051 /* ViewAndControls.swift in Sources */ = {isa = PBXBuildFile; fileRef = 2B067BB022F98E2F004A8051 /* ViewAndControls.swift */; };
		2B22A61622F6988B00128814 /* AppDelegate.swift in Sources */ = {isa = PBXBuildFile; fileRef = 2B22A61522F6988B00128814 /* AppDelegate.swift */; };
		2B22A61822F6988B00128814 /* SceneDelegate.swift in Sources */ = {isa = PBXBuildFile; fileRef = 2B22A61722F6988B00128814 /* SceneDelegate.swift */; };
		2B22A61A22F6988B00128814 /* ContentView.swift in Sources */ = {isa = PBXBuildFile; fileRef = 2B22A61922F6988B00128814 /* ContentView.swift */; };
		2B22A61C22F6988E00128814 /* Assets.xcassets in Resources */ = {isa = PBXBuildFile; fileRef = 2B22A61B22F6988E00128814 /* Assets.xcassets */; };
		2B22A61F22F6988E00128814 /* Preview Assets.xcassets in Resources */ = {isa = PBXBuildFile; fileRef = 2B22A61E22F6988E00128814 /* Preview Assets.xcassets */; };
		2B22A62222F6988E00128814 /* LaunchScreen.storyboard in Resources */ = {isa = PBXBuildFile; fileRef = 2B22A62022F6988E00128814 /* LaunchScreen.storyboard */; };
		2B22A62D22F6988E00128814 /* SwiftUICatalogTests.swift in Sources */ = {isa = PBXBuildFile; fileRef = 2B22A62C22F6988E00128814 /* SwiftUICatalogTests.swift */; };
		2B22A63822F6988F00128814 /* SwiftUICatalogUITests.swift in Sources */ = {isa = PBXBuildFile; fileRef = 2B22A63722F6988F00128814 /* SwiftUICatalogUITests.swift */; };
		2B4F675222FA5BD200EF5403 /* AnimationSample.swift in Sources */ = {isa = PBXBuildFile; fileRef = 2B4F675122FA5BD200EF5403 /* AnimationSample.swift */; };
		2B66DE8822FA5C5700DEE894 /* AnimatableSample.swift in Sources */ = {isa = PBXBuildFile; fileRef = 2B66DE8722FA5C5600DEE894 /* AnimatableSample.swift */; };
		2B66DE8A22FA5C6900DEE894 /* WithAnimationSample.swift in Sources */ = {isa = PBXBuildFile; fileRef = 2B66DE8922FA5C6900DEE894 /* WithAnimationSample.swift */; };
		2B66DE8C22FA5C8400DEE894 /* AnimatablePairSample.swift in Sources */ = {isa = PBXBuildFile; fileRef = 2B66DE8B22FA5C8400DEE894 /* AnimatablePairSample.swift */; };
		2B66DE8E22FA5CBC00DEE894 /* RectangleSample.swift in Sources */ = {isa = PBXBuildFile; fileRef = 2B66DE8D22FA5CBC00DEE894 /* RectangleSample.swift */; };
		2B66DE9022FA5CD000DEE894 /* EdgeSample.swift in Sources */ = {isa = PBXBuildFile; fileRef = 2B66DE8F22FA5CD000DEE894 /* EdgeSample.swift */; };
		2B66DE9222FA5CE700DEE894 /* RoundedRectangleSample.swift in Sources */ = {isa = PBXBuildFile; fileRef = 2B66DE9122FA5CE700DEE894 /* RoundedRectangleSample.swift */; };
		2B66DE9422FA5D1B00DEE894 /* CircleSample.swift in Sources */ = {isa = PBXBuildFile; fileRef = 2B66DE9322FA5D1B00DEE894 /* CircleSample.swift */; };
		2B66DE9622FA5D2D00DEE894 /* EllipseSample.swift in Sources */ = {isa = PBXBuildFile; fileRef = 2B66DE9522FA5D2D00DEE894 /* EllipseSample.swift */; };
		2B66DE9822FA5D4200DEE894 /* CapsuleSample.swift in Sources */ = {isa = PBXBuildFile; fileRef = 2B66DE9722FA5D4200DEE894 /* CapsuleSample.swift */; };
		2B66DE9A22FA5D5600DEE894 /* PathSample.swift in Sources */ = {isa = PBXBuildFile; fileRef = 2B66DE9922FA5D5600DEE894 /* PathSample.swift */; };
		2B66DE9C22FA5DBA00DEE894 /* ScaledShapeSample.swift in Sources */ = {isa = PBXBuildFile; fileRef = 2B66DE9B22FA5DBA00DEE894 /* ScaledShapeSample.swift */; };
		2B66DE9E22FA5E0800DEE894 /* RotatedShapeSample.swift in Sources */ = {isa = PBXBuildFile; fileRef = 2B66DE9D22FA5E0800DEE894 /* RotatedShapeSample.swift */; };
		2B66DEA022FA5E5500DEE894 /* OffsetShapeSample.swift in Sources */ = {isa = PBXBuildFile; fileRef = 2B66DE9F22FA5E5500DEE894 /* OffsetShapeSample.swift */; };
		2B66DEA222FA5E7F00DEE894 /* TransformedShapeSample.swift in Sources */ = {isa = PBXBuildFile; fileRef = 2B66DEA122FA5E7F00DEE894 /* TransformedShapeSample.swift */; };
		2B66DEA422FA5EBF00DEE894 /* ColorSample.swift in Sources */ = {isa = PBXBuildFile; fileRef = 2B66DEA322FA5EBF00DEE894 /* ColorSample.swift */; };
		2B66DEA622FA5ED600DEE894 /* ImagePaintSample.swift in Sources */ = {isa = PBXBuildFile; fileRef = 2B66DEA522FA5ED600DEE894 /* ImagePaintSample.swift */; };
		2B66DEA822FA5EE400DEE894 /* LinearGradientSample.swift in Sources */ = {isa = PBXBuildFile; fileRef = 2B66DEA722FA5EE400DEE894 /* LinearGradientSample.swift */; };
		2B66DEAA22FA5EEF00DEE894 /* AngularGradientSample.swift in Sources */ = {isa = PBXBuildFile; fileRef = 2B66DEA922FA5EEF00DEE894 /* AngularGradientSample.swift */; };
		2B66DEAC22FA5EFA00DEE894 /* RadialGradientSample.swift in Sources */ = {isa = PBXBuildFile; fileRef = 2B66DEAB22FA5EFA00DEE894 /* RadialGradientSample.swift */; };
		2B66DEB222FA5F7E00DEE894 /* GeometryReaderSample.swift in Sources */ = {isa = PBXBuildFile; fileRef = 2B66DEB122FA5F7E00DEE894 /* GeometryReaderSample.swift */; };
		2B66DEB422FA60C900DEE894 /* TextSample.swift in Sources */ = {isa = PBXBuildFile; fileRef = 2B66DEB322FA60C900DEE894 /* TextSample.swift */; };
		2B69101222F9B3F300149C5F /* DrawingAndAnimation.swift in Sources */ = {isa = PBXBuildFile; fileRef = 2B69101122F9B3F300149C5F /* DrawingAndAnimation.swift */; };
		2B69101522F9B6C600149C5F /* Gesture.swift in Sources */ = {isa = PBXBuildFile; fileRef = 2B69101422F9B6C600149C5F /* Gesture.swift */; };
		2BCE76C522FD66E7007ED1A3 /* TapGestureSample.swift in Sources */ = {isa = PBXBuildFile; fileRef = 2BCE76C422FD66E7007ED1A3 /* TapGestureSample.swift */; };
		2BCE76C722FD66F4007ED1A3 /* LongPressGestureSample.swift in Sources */ = {isa = PBXBuildFile; fileRef = 2BCE76C622FD66F4007ED1A3 /* LongPressGestureSample.swift */; };
		2BCE76C922FD6707007ED1A3 /* DragGestureSample.swift in Sources */ = {isa = PBXBuildFile; fileRef = 2BCE76C822FD6707007ED1A3 /* DragGestureSample.swift */; };
		2BCE76CB22FD6712007ED1A3 /* MagnificationGestureSample.swift in Sources */ = {isa = PBXBuildFile; fileRef = 2BCE76CA22FD6712007ED1A3 /* MagnificationGestureSample.swift */; };
		2BCE76CD22FD671B007ED1A3 /* RotationGestureSample.swift in Sources */ = {isa = PBXBuildFile; fileRef = 2BCE76CC22FD671B007ED1A3 /* RotationGestureSample.swift */; };
		2BCE76CF22FD6725007ED1A3 /* SequenceGestureSample.swift in Sources */ = {isa = PBXBuildFile; fileRef = 2BCE76CE22FD6725007ED1A3 /* SequenceGestureSample.swift */; };
		2BCE76D122FD672F007ED1A3 /* SimultaneousGestureSample.swift in Sources */ = {isa = PBXBuildFile; fileRef = 2BCE76D022FD672F007ED1A3 /* SimultaneousGestureSample.swift */; };
		2BCE76D322FD6738007ED1A3 /* ExclusiveGestureSample.swift in Sources */ = {isa = PBXBuildFile; fileRef = 2BCE76D222FD6738007ED1A3 /* ExclusiveGestureSample.swift */; };
		2BCE76D522FD6743007ED1A3 /* GestureSample.swift in Sources */ = {isa = PBXBuildFile; fileRef = 2BCE76D422FD6743007ED1A3 /* GestureSample.swift */; };
		2BCE76D722FD674B007ED1A3 /* AnyGestureSample.swift in Sources */ = {isa = PBXBuildFile; fileRef = 2BCE76D622FD674B007ED1A3 /* AnyGestureSample.swift */; };
		2BCE76D922FD6757007ED1A3 /* GestureStateSample.swift in Sources */ = {isa = PBXBuildFile; fileRef = 2BCE76D822FD6757007ED1A3 /* GestureStateSample.swift */; };
		2BCE76DB22FD6762007ED1A3 /* GestureStateGestureSample.swift in Sources */ = {isa = PBXBuildFile; fileRef = 2BCE76DA22FD6762007ED1A3 /* GestureStateGestureSample.swift */; };
		2BCE76DD22FD678B007ED1A3 /* GestureMaskSample.swift in Sources */ = {isa = PBXBuildFile; fileRef = 2BCE76DC22FD678B007ED1A3 /* GestureMaskSample.swift */; };
		2BCE76DF22FD6796007ED1A3 /* EventModifierSample.swift in Sources */ = {isa = PBXBuildFile; fileRef = 2BCE76DE22FD6796007ED1A3 /* EventModifierSample.swift */; };
		2BE6426122FA613E002B4E09 /* TextFieldSample.swift in Sources */ = {isa = PBXBuildFile; fileRef = 2BE6426022FA613E002B4E09 /* TextFieldSample.swift */; };
		2BE6426322FA6157002B4E09 /* SecureFieldSample.swift in Sources */ = {isa = PBXBuildFile; fileRef = 2BE6426222FA6157002B4E09 /* SecureFieldSample.swift */; };
		2BE6426522FA6164002B4E09 /* FontSample.swift in Sources */ = {isa = PBXBuildFile; fileRef = 2BE6426422FA6164002B4E09 /* FontSample.swift */; };
		2BE6426722FA6170002B4E09 /* ImageSample.swift in Sources */ = {isa = PBXBuildFile; fileRef = 2BE6426622FA6170002B4E09 /* ImageSample.swift */; };
		2BE6426922FA6182002B4E09 /* ButtonSample.swift in Sources */ = {isa = PBXBuildFile; fileRef = 2BE6426822FA6182002B4E09 /* ButtonSample.swift */; };
		2BE6426B22FA618C002B4E09 /* NavigationLinkSample.swift in Sources */ = {isa = PBXBuildFile; fileRef = 2BE6426A22FA618C002B4E09 /* NavigationLinkSample.swift */; };
		2BE6426D22FA6194002B4E09 /* EditButtonSample.swift in Sources */ = {isa = PBXBuildFile; fileRef = 2BE6426C22FA6194002B4E09 /* EditButtonSample.swift */; };
		2BE6426F22FA61A3002B4E09 /* ToggleSample.swift in Sources */ = {isa = PBXBuildFile; fileRef = 2BE6426E22FA61A3002B4E09 /* ToggleSample.swift */; };
		2BE6427122FA61B1002B4E09 /* PickerSample.swift in Sources */ = {isa = PBXBuildFile; fileRef = 2BE6427022FA61B1002B4E09 /* PickerSample.swift */; };
		2BE6427322FA61BB002B4E09 /* DatePickerSample.swift in Sources */ = {isa = PBXBuildFile; fileRef = 2BE6427222FA61BB002B4E09 /* DatePickerSample.swift */; };
		2BE6427522FA61C5002B4E09 /* SliderSample.swift in Sources */ = {isa = PBXBuildFile; fileRef = 2BE6427422FA61C5002B4E09 /* SliderSample.swift */; };
		2BE6427722FA61D0002B4E09 /* StepperSample.swift in Sources */ = {isa = PBXBuildFile; fileRef = 2BE6427622FA61D0002B4E09 /* StepperSample.swift */; };
		2BE6427922FA61DF002B4E09 /* SegmentedPickerSample.swift in Sources */ = {isa = PBXBuildFile; fileRef = 2BE6427822FA61DF002B4E09 /* SegmentedPickerSample.swift */; };
		2BE6427B22FA61ED002B4E09 /* ViewBuilderSample.swift in Sources */ = {isa = PBXBuildFile; fileRef = 2BE6427A22FA61ED002B4E09 /* ViewBuilderSample.swift */; };
		2BE6427D22FA61FA002B4E09 /* ViewModifierSample.swift in Sources */ = {isa = PBXBuildFile; fileRef = 2BE6427C22FA61FA002B4E09 /* ViewModifierSample.swift */; };
		2BE6427F22FA621A002B4E09 /* SpacerSample.swift in Sources */ = {isa = PBXBuildFile; fileRef = 2BE6427E22FA621A002B4E09 /* SpacerSample.swift */; };
		2BE6428122FA6231002B4E09 /* DividerSample.swift in Sources */ = {isa = PBXBuildFile; fileRef = 2BE6428022FA6231002B4E09 /* DividerSample.swift */; };
		2BE6428322FA623A002B4E09 /* NavigationViewSample.swift in Sources */ = {isa = PBXBuildFile; fileRef = 2BE6428222FA623A002B4E09 /* NavigationViewSample.swift */; };
		2BE6428522FA624B002B4E09 /* NavigationViewContentSample.swift in Sources */ = {isa = PBXBuildFile; fileRef = 2BE6428422FA624B002B4E09 /* NavigationViewContentSample.swift */; };
		2BE6428722FA6255002B4E09 /* TabViewPresentationSample.swift in Sources */ = {isa = PBXBuildFile; fileRef = 2BE6428622FA6255002B4E09 /* TabViewPresentationSample.swift */; };
		2BE6428922FA6263002B4E09 /* TabViewSample.swift in Sources */ = {isa = PBXBuildFile; fileRef = 2BE6428822FA6263002B4E09 /* TabViewSample.swift */; };
		2BE6428B22FA6271002B4E09 /* EmptyViewSample.swift in Sources */ = {isa = PBXBuildFile; fileRef = 2BE6428A22FA6271002B4E09 /* EmptyViewSample.swift */; };
		2BE6428D22FA627B002B4E09 /* AnyViewSample.swift in Sources */ = {isa = PBXBuildFile; fileRef = 2BE6428C22FA627B002B4E09 /* AnyViewSample.swift */; };
		2BE6428F22FA6291002B4E09 /* TupleViewSample.swift in Sources */ = {isa = PBXBuildFile; fileRef = 2BE6428E22FA6291002B4E09 /* TupleViewSample.swift */; };
		2BE6429122FA629F002B4E09 /* EquatableViewSample.swift in Sources */ = {isa = PBXBuildFile; fileRef = 2BE6429022FA629F002B4E09 /* EquatableViewSample.swift */; };
		2BE6429522FA62D8002B4E09 /* AlertSample.swift in Sources */ = {isa = PBXBuildFile; fileRef = 2BE6429422FA62D8002B4E09 /* AlertSample.swift */; };
		2BE6429722FA62E5002B4E09 /* ActionSheetSample.swift in Sources */ = {isa = PBXBuildFile; fileRef = 2BE6429622FA62E5002B4E09 /* ActionSheetSample.swift */; };
/* End PBXBuildFile section */

/* Begin PBXContainerItemProxy section */
		2B22A62922F6988E00128814 /* PBXContainerItemProxy */ = {
			isa = PBXContainerItemProxy;
			containerPortal = 2B22A60A22F6988B00128814 /* Project object */;
			proxyType = 1;
			remoteGlobalIDString = 2B22A61122F6988B00128814;
			remoteInfo = SwiftUICatalog;
		};
		2B22A63422F6988F00128814 /* PBXContainerItemProxy */ = {
			isa = PBXContainerItemProxy;
			containerPortal = 2B22A60A22F6988B00128814 /* Project object */;
			proxyType = 1;
			remoteGlobalIDString = 2B22A61122F6988B00128814;
			remoteInfo = SwiftUICatalog;
		};
/* End PBXContainerItemProxy section */

/* Begin PBXFileReference section */
		2B067B9F22F98B12004A8051 /* ViewLayoutAndPresentationList.swift */ = {isa = PBXFileReference; lastKnownFileType = sourcecode.swift; path = ViewLayoutAndPresentationList.swift; sourceTree = "<group>"; };
		2B067BA122F98B46004A8051 /* HStack.swift */ = {isa = PBXFileReference; lastKnownFileType = sourcecode.swift; path = HStack.swift; sourceTree = "<group>"; };
		2B067BA322F98BD5004A8051 /* VStack.swift */ = {isa = PBXFileReference; lastKnownFileType = sourcecode.swift; path = VStack.swift; sourceTree = "<group>"; };
		2B067BA522F98C08004A8051 /* ZStack.swift */ = {isa = PBXFileReference; lastKnownFileType = sourcecode.swift; path = ZStack.swift; sourceTree = "<group>"; };
		2B067BA722F98C30004A8051 /* List.swift */ = {isa = PBXFileReference; lastKnownFileType = sourcecode.swift; path = List.swift; sourceTree = "<group>"; };
		2B067BA922F98C56004A8051 /* ScrollView.swift */ = {isa = PBXFileReference; lastKnownFileType = sourcecode.swift; path = ScrollView.swift; sourceTree = "<group>"; };
		2B067BAB22F98D1C004A8051 /* Form.swift */ = {isa = PBXFileReference; lastKnownFileType = sourcecode.swift; path = Form.swift; sourceTree = "<group>"; };
		2B067BAD22F98D63004A8051 /* Group.swift */ = {isa = PBXFileReference; lastKnownFileType = sourcecode.swift; path = Group.swift; sourceTree = "<group>"; };
		2B067BB022F98E2F004A8051 /* ViewAndControls.swift */ = {isa = PBXFileReference; lastKnownFileType = sourcecode.swift; path = ViewAndControls.swift; sourceTree = "<group>"; };
		2B22A61222F6988B00128814 /* SwiftUICatalog.app */ = {isa = PBXFileReference; explicitFileType = wrapper.application; includeInIndex = 0; path = SwiftUICatalog.app; sourceTree = BUILT_PRODUCTS_DIR; };
		2B22A61522F6988B00128814 /* AppDelegate.swift */ = {isa = PBXFileReference; lastKnownFileType = sourcecode.swift; path = AppDelegate.swift; sourceTree = "<group>"; };
		2B22A61722F6988B00128814 /* SceneDelegate.swift */ = {isa = PBXFileReference; lastKnownFileType = sourcecode.swift; path = SceneDelegate.swift; sourceTree = "<group>"; };
		2B22A61922F6988B00128814 /* ContentView.swift */ = {isa = PBXFileReference; lastKnownFileType = sourcecode.swift; path = ContentView.swift; sourceTree = "<group>"; };
		2B22A61B22F6988E00128814 /* Assets.xcassets */ = {isa = PBXFileReference; lastKnownFileType = folder.assetcatalog; path = Assets.xcassets; sourceTree = "<group>"; };
		2B22A61E22F6988E00128814 /* Preview Assets.xcassets */ = {isa = PBXFileReference; lastKnownFileType = folder.assetcatalog; path = "Preview Assets.xcassets"; sourceTree = "<group>"; };
		2B22A62122F6988E00128814 /* Base */ = {isa = PBXFileReference; lastKnownFileType = file.storyboard; name = Base; path = Base.lproj/LaunchScreen.storyboard; sourceTree = "<group>"; };
		2B22A62322F6988E00128814 /* Info.plist */ = {isa = PBXFileReference; lastKnownFileType = text.plist.xml; path = Info.plist; sourceTree = "<group>"; };
		2B22A62822F6988E00128814 /* SwiftUICatalogTests.xctest */ = {isa = PBXFileReference; explicitFileType = wrapper.cfbundle; includeInIndex = 0; path = SwiftUICatalogTests.xctest; sourceTree = BUILT_PRODUCTS_DIR; };
		2B22A62C22F6988E00128814 /* SwiftUICatalogTests.swift */ = {isa = PBXFileReference; lastKnownFileType = sourcecode.swift; path = SwiftUICatalogTests.swift; sourceTree = "<group>"; };
		2B22A62E22F6988E00128814 /* Info.plist */ = {isa = PBXFileReference; lastKnownFileType = text.plist.xml; path = Info.plist; sourceTree = "<group>"; };
		2B22A63322F6988F00128814 /* SwiftUICatalogUITests.xctest */ = {isa = PBXFileReference; explicitFileType = wrapper.cfbundle; includeInIndex = 0; path = SwiftUICatalogUITests.xctest; sourceTree = BUILT_PRODUCTS_DIR; };
		2B22A63722F6988F00128814 /* SwiftUICatalogUITests.swift */ = {isa = PBXFileReference; lastKnownFileType = sourcecode.swift; path = SwiftUICatalogUITests.swift; sourceTree = "<group>"; };
		2B22A63922F6988F00128814 /* Info.plist */ = {isa = PBXFileReference; lastKnownFileType = text.plist.xml; path = Info.plist; sourceTree = "<group>"; };
		2B4F675122FA5BD200EF5403 /* AnimationSample.swift */ = {isa = PBXFileReference; lastKnownFileType = sourcecode.swift; path = AnimationSample.swift; sourceTree = "<group>"; };
		2B66DE8722FA5C5600DEE894 /* AnimatableSample.swift */ = {isa = PBXFileReference; lastKnownFileType = sourcecode.swift; path = AnimatableSample.swift; sourceTree = "<group>"; };
		2B66DE8922FA5C6900DEE894 /* WithAnimationSample.swift */ = {isa = PBXFileReference; lastKnownFileType = sourcecode.swift; path = WithAnimationSample.swift; sourceTree = "<group>"; };
		2B66DE8B22FA5C8400DEE894 /* AnimatablePairSample.swift */ = {isa = PBXFileReference; lastKnownFileType = sourcecode.swift; path = AnimatablePairSample.swift; sourceTree = "<group>"; };
		2B66DE8D22FA5CBC00DEE894 /* RectangleSample.swift */ = {isa = PBXFileReference; lastKnownFileType = sourcecode.swift; path = RectangleSample.swift; sourceTree = "<group>"; };
		2B66DE8F22FA5CD000DEE894 /* EdgeSample.swift */ = {isa = PBXFileReference; lastKnownFileType = sourcecode.swift; path = EdgeSample.swift; sourceTree = "<group>"; };
		2B66DE9122FA5CE700DEE894 /* RoundedRectangleSample.swift */ = {isa = PBXFileReference; lastKnownFileType = sourcecode.swift; path = RoundedRectangleSample.swift; sourceTree = "<group>"; };
		2B66DE9322FA5D1B00DEE894 /* CircleSample.swift */ = {isa = PBXFileReference; lastKnownFileType = sourcecode.swift; path = CircleSample.swift; sourceTree = "<group>"; };
		2B66DE9522FA5D2D00DEE894 /* EllipseSample.swift */ = {isa = PBXFileReference; lastKnownFileType = sourcecode.swift; path = EllipseSample.swift; sourceTree = "<group>"; };
		2B66DE9722FA5D4200DEE894 /* CapsuleSample.swift */ = {isa = PBXFileReference; lastKnownFileType = sourcecode.swift; path = CapsuleSample.swift; sourceTree = "<group>"; };
		2B66DE9922FA5D5600DEE894 /* PathSample.swift */ = {isa = PBXFileReference; lastKnownFileType = sourcecode.swift; path = PathSample.swift; sourceTree = "<group>"; };
		2B66DE9B22FA5DBA00DEE894 /* ScaledShapeSample.swift */ = {isa = PBXFileReference; lastKnownFileType = sourcecode.swift; path = ScaledShapeSample.swift; sourceTree = "<group>"; };
		2B66DE9D22FA5E0800DEE894 /* RotatedShapeSample.swift */ = {isa = PBXFileReference; lastKnownFileType = sourcecode.swift; path = RotatedShapeSample.swift; sourceTree = "<group>"; };
		2B66DE9F22FA5E5500DEE894 /* OffsetShapeSample.swift */ = {isa = PBXFileReference; lastKnownFileType = sourcecode.swift; path = OffsetShapeSample.swift; sourceTree = "<group>"; };
		2B66DEA122FA5E7F00DEE894 /* TransformedShapeSample.swift */ = {isa = PBXFileReference; lastKnownFileType = sourcecode.swift; path = TransformedShapeSample.swift; sourceTree = "<group>"; };
		2B66DEA322FA5EBF00DEE894 /* ColorSample.swift */ = {isa = PBXFileReference; lastKnownFileType = sourcecode.swift; path = ColorSample.swift; sourceTree = "<group>"; };
		2B66DEA522FA5ED600DEE894 /* ImagePaintSample.swift */ = {isa = PBXFileReference; lastKnownFileType = sourcecode.swift; path = ImagePaintSample.swift; sourceTree = "<group>"; };
		2B66DEA722FA5EE400DEE894 /* LinearGradientSample.swift */ = {isa = PBXFileReference; lastKnownFileType = sourcecode.swift; path = LinearGradientSample.swift; sourceTree = "<group>"; };
		2B66DEA922FA5EEF00DEE894 /* AngularGradientSample.swift */ = {isa = PBXFileReference; lastKnownFileType = sourcecode.swift; path = AngularGradientSample.swift; sourceTree = "<group>"; };
		2B66DEAB22FA5EFA00DEE894 /* RadialGradientSample.swift */ = {isa = PBXFileReference; lastKnownFileType = sourcecode.swift; path = RadialGradientSample.swift; sourceTree = "<group>"; };
		2B66DEB122FA5F7E00DEE894 /* GeometryReaderSample.swift */ = {isa = PBXFileReference; lastKnownFileType = sourcecode.swift; path = GeometryReaderSample.swift; sourceTree = "<group>"; };
		2B66DEB322FA60C900DEE894 /* TextSample.swift */ = {isa = PBXFileReference; lastKnownFileType = sourcecode.swift; path = TextSample.swift; sourceTree = "<group>"; };
		2B69101122F9B3F300149C5F /* DrawingAndAnimation.swift */ = {isa = PBXFileReference; lastKnownFileType = sourcecode.swift; path = DrawingAndAnimation.swift; sourceTree = "<group>"; };
		2B69101422F9B6C600149C5F /* Gesture.swift */ = {isa = PBXFileReference; lastKnownFileType = sourcecode.swift; path = Gesture.swift; sourceTree = "<group>"; };
		2BCE76C422FD66E7007ED1A3 /* TapGestureSample.swift */ = {isa = PBXFileReference; lastKnownFileType = sourcecode.swift; path = TapGestureSample.swift; sourceTree = "<group>"; };
		2BCE76C622FD66F4007ED1A3 /* LongPressGestureSample.swift */ = {isa = PBXFileReference; lastKnownFileType = sourcecode.swift; path = LongPressGestureSample.swift; sourceTree = "<group>"; };
		2BCE76C822FD6707007ED1A3 /* DragGestureSample.swift */ = {isa = PBXFileReference; lastKnownFileType = sourcecode.swift; path = DragGestureSample.swift; sourceTree = "<group>"; };
		2BCE76CA22FD6712007ED1A3 /* MagnificationGestureSample.swift */ = {isa = PBXFileReference; lastKnownFileType = sourcecode.swift; path = MagnificationGestureSample.swift; sourceTree = "<group>"; };
		2BCE76CC22FD671B007ED1A3 /* RotationGestureSample.swift */ = {isa = PBXFileReference; lastKnownFileType = sourcecode.swift; path = RotationGestureSample.swift; sourceTree = "<group>"; };
		2BCE76CE22FD6725007ED1A3 /* SequenceGestureSample.swift */ = {isa = PBXFileReference; lastKnownFileType = sourcecode.swift; path = SequenceGestureSample.swift; sourceTree = "<group>"; };
		2BCE76D022FD672F007ED1A3 /* SimultaneousGestureSample.swift */ = {isa = PBXFileReference; lastKnownFileType = sourcecode.swift; path = SimultaneousGestureSample.swift; sourceTree = "<group>"; };
		2BCE76D222FD6738007ED1A3 /* ExclusiveGestureSample.swift */ = {isa = PBXFileReference; lastKnownFileType = sourcecode.swift; path = ExclusiveGestureSample.swift; sourceTree = "<group>"; };
		2BCE76D422FD6743007ED1A3 /* GestureSample.swift */ = {isa = PBXFileReference; lastKnownFileType = sourcecode.swift; path = GestureSample.swift; sourceTree = "<group>"; };
		2BCE76D622FD674B007ED1A3 /* AnyGestureSample.swift */ = {isa = PBXFileReference; lastKnownFileType = sourcecode.swift; path = AnyGestureSample.swift; sourceTree = "<group>"; };
		2BCE76D822FD6757007ED1A3 /* GestureStateSample.swift */ = {isa = PBXFileReference; lastKnownFileType = sourcecode.swift; path = GestureStateSample.swift; sourceTree = "<group>"; };
		2BCE76DA22FD6762007ED1A3 /* GestureStateGestureSample.swift */ = {isa = PBXFileReference; lastKnownFileType = sourcecode.swift; path = GestureStateGestureSample.swift; sourceTree = "<group>"; };
		2BCE76DC22FD678B007ED1A3 /* GestureMaskSample.swift */ = {isa = PBXFileReference; lastKnownFileType = sourcecode.swift; path = GestureMaskSample.swift; sourceTree = "<group>"; };
		2BCE76DE22FD6796007ED1A3 /* EventModifierSample.swift */ = {isa = PBXFileReference; lastKnownFileType = sourcecode.swift; path = EventModifierSample.swift; sourceTree = "<group>"; };
		2BE6426022FA613E002B4E09 /* TextFieldSample.swift */ = {isa = PBXFileReference; lastKnownFileType = sourcecode.swift; path = TextFieldSample.swift; sourceTree = "<group>"; };
		2BE6426222FA6157002B4E09 /* SecureFieldSample.swift */ = {isa = PBXFileReference; lastKnownFileType = sourcecode.swift; path = SecureFieldSample.swift; sourceTree = "<group>"; };
		2BE6426422FA6164002B4E09 /* FontSample.swift */ = {isa = PBXFileReference; lastKnownFileType = sourcecode.swift; path = FontSample.swift; sourceTree = "<group>"; };
		2BE6426622FA6170002B4E09 /* ImageSample.swift */ = {isa = PBXFileReference; lastKnownFileType = sourcecode.swift; path = ImageSample.swift; sourceTree = "<group>"; };
		2BE6426822FA6182002B4E09 /* ButtonSample.swift */ = {isa = PBXFileReference; lastKnownFileType = sourcecode.swift; path = ButtonSample.swift; sourceTree = "<group>"; };
		2BE6426A22FA618C002B4E09 /* NavigationLinkSample.swift */ = {isa = PBXFileReference; lastKnownFileType = sourcecode.swift; path = NavigationLinkSample.swift; sourceTree = "<group>"; };
		2BE6426C22FA6194002B4E09 /* EditButtonSample.swift */ = {isa = PBXFileReference; lastKnownFileType = sourcecode.swift; path = EditButtonSample.swift; sourceTree = "<group>"; };
		2BE6426E22FA61A3002B4E09 /* ToggleSample.swift */ = {isa = PBXFileReference; lastKnownFileType = sourcecode.swift; path = ToggleSample.swift; sourceTree = "<group>"; };
		2BE6427022FA61B1002B4E09 /* PickerSample.swift */ = {isa = PBXFileReference; lastKnownFileType = sourcecode.swift; path = PickerSample.swift; sourceTree = "<group>"; };
		2BE6427222FA61BB002B4E09 /* DatePickerSample.swift */ = {isa = PBXFileReference; lastKnownFileType = sourcecode.swift; path = DatePickerSample.swift; sourceTree = "<group>"; };
		2BE6427422FA61C5002B4E09 /* SliderSample.swift */ = {isa = PBXFileReference; lastKnownFileType = sourcecode.swift; path = SliderSample.swift; sourceTree = "<group>"; };
		2BE6427622FA61D0002B4E09 /* StepperSample.swift */ = {isa = PBXFileReference; lastKnownFileType = sourcecode.swift; path = StepperSample.swift; sourceTree = "<group>"; };
		2BE6427822FA61DF002B4E09 /* SegmentedPickerSample.swift */ = {isa = PBXFileReference; lastKnownFileType = sourcecode.swift; path = SegmentedPickerSample.swift; sourceTree = "<group>"; };
		2BE6427A22FA61ED002B4E09 /* ViewBuilderSample.swift */ = {isa = PBXFileReference; lastKnownFileType = sourcecode.swift; path = ViewBuilderSample.swift; sourceTree = "<group>"; };
		2BE6427C22FA61FA002B4E09 /* ViewModifierSample.swift */ = {isa = PBXFileReference; lastKnownFileType = sourcecode.swift; path = ViewModifierSample.swift; sourceTree = "<group>"; };
		2BE6427E22FA621A002B4E09 /* SpacerSample.swift */ = {isa = PBXFileReference; lastKnownFileType = sourcecode.swift; path = SpacerSample.swift; sourceTree = "<group>"; };
		2BE6428022FA6231002B4E09 /* DividerSample.swift */ = {isa = PBXFileReference; lastKnownFileType = sourcecode.swift; path = DividerSample.swift; sourceTree = "<group>"; };
		2BE6428222FA623A002B4E09 /* NavigationViewSample.swift */ = {isa = PBXFileReference; lastKnownFileType = sourcecode.swift; path = NavigationViewSample.swift; sourceTree = "<group>"; };
		2BE6428422FA624B002B4E09 /* NavigationViewContentSample.swift */ = {isa = PBXFileReference; lastKnownFileType = sourcecode.swift; path = NavigationViewContentSample.swift; sourceTree = "<group>"; };
		2BE6428622FA6255002B4E09 /* TabViewPresentationSample.swift */ = {isa = PBXFileReference; lastKnownFileType = sourcecode.swift; path = TabViewPresentationSample.swift; sourceTree = "<group>"; };
		2BE6428822FA6263002B4E09 /* TabViewSample.swift */ = {isa = PBXFileReference; lastKnownFileType = sourcecode.swift; path = TabViewSample.swift; sourceTree = "<group>"; };
		2BE6428A22FA6271002B4E09 /* EmptyViewSample.swift */ = {isa = PBXFileReference; lastKnownFileType = sourcecode.swift; path = EmptyViewSample.swift; sourceTree = "<group>"; };
		2BE6428C22FA627B002B4E09 /* AnyViewSample.swift */ = {isa = PBXFileReference; lastKnownFileType = sourcecode.swift; path = AnyViewSample.swift; sourceTree = "<group>"; };
		2BE6428E22FA6291002B4E09 /* TupleViewSample.swift */ = {isa = PBXFileReference; lastKnownFileType = sourcecode.swift; path = TupleViewSample.swift; sourceTree = "<group>"; };
		2BE6429022FA629F002B4E09 /* EquatableViewSample.swift */ = {isa = PBXFileReference; lastKnownFileType = sourcecode.swift; path = EquatableViewSample.swift; sourceTree = "<group>"; };
		2BE6429422FA62D8002B4E09 /* AlertSample.swift */ = {isa = PBXFileReference; lastKnownFileType = sourcecode.swift; path = AlertSample.swift; sourceTree = "<group>"; };
		2BE6429622FA62E5002B4E09 /* ActionSheetSample.swift */ = {isa = PBXFileReference; lastKnownFileType = sourcecode.swift; path = ActionSheetSample.swift; sourceTree = "<group>"; };
/* End PBXFileReference section */

/* Begin PBXFrameworksBuildPhase section */
		2B22A60F22F6988B00128814 /* Frameworks */ = {
			isa = PBXFrameworksBuildPhase;
			buildActionMask = 2147483647;
			files = (
			);
			runOnlyForDeploymentPostprocessing = 0;
		};
		2B22A62522F6988E00128814 /* Frameworks */ = {
			isa = PBXFrameworksBuildPhase;
			buildActionMask = 2147483647;
			files = (
			);
			runOnlyForDeploymentPostprocessing = 0;
		};
		2B22A63022F6988F00128814 /* Frameworks */ = {
			isa = PBXFrameworksBuildPhase;
			buildActionMask = 2147483647;
			files = (
			);
			runOnlyForDeploymentPostprocessing = 0;
		};
/* End PBXFrameworksBuildPhase section */

/* Begin PBXGroup section */
		2B067B9E22F98AF3004A8051 /* View Layout and Presentation */ = {
			isa = PBXGroup;
			children = (
				2B067B9F22F98B12004A8051 /* ViewLayoutAndPresentationList.swift */,
				2BE6429A22FA6504002B4E09 /* Sample */,
			);
			path = "View Layout and Presentation";
			sourceTree = "<group>";
		};
		2B067BAF22F98E08004A8051 /* Views and Controls */ = {
			isa = PBXGroup;
			children = (
				2B067BB022F98E2F004A8051 /* ViewAndControls.swift */,
				2BE6429922FA64EF002B4E09 /* Sample */,
			);
			path = "Views and Controls";
			sourceTree = "<group>";
		};
		2B22A60922F6988B00128814 = {
			isa = PBXGroup;
			children = (
				2B22A61422F6988B00128814 /* SwiftUICatalog */,
				2B22A62B22F6988E00128814 /* SwiftUICatalogTests */,
				2B22A63622F6988F00128814 /* SwiftUICatalogUITests */,
				2B22A61322F6988B00128814 /* Products */,
			);
			sourceTree = "<group>";
		};
		2B22A61322F6988B00128814 /* Products */ = {
			isa = PBXGroup;
			children = (
				2B22A61222F6988B00128814 /* SwiftUICatalog.app */,
				2B22A62822F6988E00128814 /* SwiftUICatalogTests.xctest */,
				2B22A63322F6988F00128814 /* SwiftUICatalogUITests.xctest */,
			);
			name = Products;
			sourceTree = "<group>";
		};
		2B22A61422F6988B00128814 /* SwiftUICatalog */ = {
			isa = PBXGroup;
			children = (
				2B22A61522F6988B00128814 /* AppDelegate.swift */,
				2B22A61722F6988B00128814 /* SceneDelegate.swift */,
				2B22A61922F6988B00128814 /* ContentView.swift */,
				2B69101322F9B6BB00149C5F /* Gesture */,
				2B69101022F9B3C600149C5F /* Drawing and Animation */,
				2B067BAF22F98E08004A8051 /* Views and Controls */,
				2B067B9E22F98AF3004A8051 /* View Layout and Presentation */,
				2B22A61B22F6988E00128814 /* Assets.xcassets */,
				2B22A62022F6988E00128814 /* LaunchScreen.storyboard */,
				2B22A62322F6988E00128814 /* Info.plist */,
				2B22A61D22F6988E00128814 /* Preview Content */,
			);
			path = SwiftUICatalog;
			sourceTree = "<group>";
		};
		2B22A61D22F6988E00128814 /* Preview Content */ = {
			isa = PBXGroup;
			children = (
				2B22A61E22F6988E00128814 /* Preview Assets.xcassets */,
			);
			path = "Preview Content";
			sourceTree = "<group>";
		};
		2B22A62B22F6988E00128814 /* SwiftUICatalogTests */ = {
			isa = PBXGroup;
			children = (
				2B22A62C22F6988E00128814 /* SwiftUICatalogTests.swift */,
				2B22A62E22F6988E00128814 /* Info.plist */,
			);
			path = SwiftUICatalogTests;
			sourceTree = "<group>";
		};
		2B22A63622F6988F00128814 /* SwiftUICatalogUITests */ = {
			isa = PBXGroup;
			children = (
				2B22A63722F6988F00128814 /* SwiftUICatalogUITests.swift */,
				2B22A63922F6988F00128814 /* Info.plist */,
			);
			path = SwiftUICatalogUITests;
			sourceTree = "<group>";
		};
		2B69101022F9B3C600149C5F /* Drawing and Animation */ = {
			isa = PBXGroup;
			children = (
				2B69101122F9B3F300149C5F /* DrawingAndAnimation.swift */,
				2BE6429822FA64CA002B4E09 /* Sample */,
			);
			path = "Drawing and Animation";
			sourceTree = "<group>";
		};
		2B69101322F9B6BB00149C5F /* Gesture */ = {
			isa = PBXGroup;
			children = (
				2B69101422F9B6C600149C5F /* Gesture.swift */,
				2BCE76C322FD66C6007ED1A3 /* Sample */,
			);
			path = Gesture;
			sourceTree = "<group>";
		};
		2BCE76C322FD66C6007ED1A3 /* Sample */ = {
			isa = PBXGroup;
			children = (
				2BCE76C422FD66E7007ED1A3 /* TapGestureSample.swift */,
				2BCE76C622FD66F4007ED1A3 /* LongPressGestureSample.swift */,
				2BCE76C822FD6707007ED1A3 /* DragGestureSample.swift */,
				2BCE76CA22FD6712007ED1A3 /* MagnificationGestureSample.swift */,
				2BCE76CC22FD671B007ED1A3 /* RotationGestureSample.swift */,
				2BCE76CE22FD6725007ED1A3 /* SequenceGestureSample.swift */,
				2BCE76D022FD672F007ED1A3 /* SimultaneousGestureSample.swift */,
				2BCE76D222FD6738007ED1A3 /* ExclusiveGestureSample.swift */,
				2BCE76D422FD6743007ED1A3 /* GestureSample.swift */,
				2BCE76D622FD674B007ED1A3 /* AnyGestureSample.swift */,
				2BCE76D822FD6757007ED1A3 /* GestureStateSample.swift */,
				2BCE76DA22FD6762007ED1A3 /* GestureStateGestureSample.swift */,
				2BCE76DC22FD678B007ED1A3 /* GestureMaskSample.swift */,
				2BCE76DE22FD6796007ED1A3 /* EventModifierSample.swift */,
			);
			path = Sample;
			sourceTree = "<group>";
		};
		2BE6429822FA64CA002B4E09 /* Sample */ = {
			isa = PBXGroup;
			children = (
				2B4F675122FA5BD200EF5403 /* AnimationSample.swift */,
				2B66DE8722FA5C5600DEE894 /* AnimatableSample.swift */,
				2B66DE8922FA5C6900DEE894 /* WithAnimationSample.swift */,
				2B66DE8B22FA5C8400DEE894 /* AnimatablePairSample.swift */,
				2B66DE8D22FA5CBC00DEE894 /* RectangleSample.swift */,
				2B66DE8F22FA5CD000DEE894 /* EdgeSample.swift */,
				2B66DE9122FA5CE700DEE894 /* RoundedRectangleSample.swift */,
				2B66DE9322FA5D1B00DEE894 /* CircleSample.swift */,
				2B66DE9522FA5D2D00DEE894 /* EllipseSample.swift */,
				2B66DE9722FA5D4200DEE894 /* CapsuleSample.swift */,
				2B66DE9922FA5D5600DEE894 /* PathSample.swift */,
				2B66DE9B22FA5DBA00DEE894 /* ScaledShapeSample.swift */,
				2B66DE9D22FA5E0800DEE894 /* RotatedShapeSample.swift */,
				2B66DE9F22FA5E5500DEE894 /* OffsetShapeSample.swift */,
				2B66DEA122FA5E7F00DEE894 /* TransformedShapeSample.swift */,
				2B66DEA322FA5EBF00DEE894 /* ColorSample.swift */,
				2B66DEA522FA5ED600DEE894 /* ImagePaintSample.swift */,
				2B66DEA722FA5EE400DEE894 /* LinearGradientSample.swift */,
				2B66DEA922FA5EEF00DEE894 /* AngularGradientSample.swift */,
				2B66DEAB22FA5EFA00DEE894 /* RadialGradientSample.swift */,
				2B66DEB122FA5F7E00DEE894 /* GeometryReaderSample.swift */,
			);
			path = Sample;
			sourceTree = "<group>";
		};
		2BE6429922FA64EF002B4E09 /* Sample */ = {
			isa = PBXGroup;
			children = (
				2B66DEB322FA60C900DEE894 /* TextSample.swift */,
				2BE6426022FA613E002B4E09 /* TextFieldSample.swift */,
				2BE6426222FA6157002B4E09 /* SecureFieldSample.swift */,
				2BE6426422FA6164002B4E09 /* FontSample.swift */,
				2BE6426622FA6170002B4E09 /* ImageSample.swift */,
				2BE6426822FA6182002B4E09 /* ButtonSample.swift */,
				2BE6426A22FA618C002B4E09 /* NavigationLinkSample.swift */,
				2BE6426C22FA6194002B4E09 /* EditButtonSample.swift */,
				2BE6426E22FA61A3002B4E09 /* ToggleSample.swift */,
				2BE6427022FA61B1002B4E09 /* PickerSample.swift */,
				2BE6427222FA61BB002B4E09 /* DatePickerSample.swift */,
				2BE6427422FA61C5002B4E09 /* SliderSample.swift */,
				2BE6427622FA61D0002B4E09 /* StepperSample.swift */,
				2BE6427822FA61DF002B4E09 /* SegmentedPickerSample.swift */,
				2BE6427A22FA61ED002B4E09 /* ViewBuilderSample.swift */,
				2BE6427C22FA61FA002B4E09 /* ViewModifierSample.swift */,
			);
			path = Sample;
			sourceTree = "<group>";
		};
		2BE6429A22FA6504002B4E09 /* Sample */ = {
			isa = PBXGroup;
			children = (
				2B067BA122F98B46004A8051 /* HStack.swift */,
				2B067BA322F98BD5004A8051 /* VStack.swift */,
				2B067BA522F98C08004A8051 /* ZStack.swift */,
				2B067BA722F98C30004A8051 /* List.swift */,
				2B067BA922F98C56004A8051 /* ScrollView.swift */,
				2B067BAB22F98D1C004A8051 /* Form.swift */,
				2B067BAD22F98D63004A8051 /* Group.swift */,
				2BE6429422FA62D8002B4E09 /* AlertSample.swift */,
				2BE6429622FA62E5002B4E09 /* ActionSheetSample.swift */,
				2BE6427E22FA621A002B4E09 /* SpacerSample.swift */,
				2BE6428022FA6231002B4E09 /* DividerSample.swift */,
				2BE6428222FA623A002B4E09 /* NavigationViewSample.swift */,
				2BE6428422FA624B002B4E09 /* NavigationViewContentSample.swift */,
				2BE6428622FA6255002B4E09 /* TabViewPresentationSample.swift */,
				2BE6428822FA6263002B4E09 /* TabViewSample.swift */,
				2BE6428A22FA6271002B4E09 /* EmptyViewSample.swift */,
				2BE6428C22FA627B002B4E09 /* AnyViewSample.swift */,
				2BE6428E22FA6291002B4E09 /* TupleViewSample.swift */,
				2BE6429022FA629F002B4E09 /* EquatableViewSample.swift */,
			);
			path = Sample;
			sourceTree = "<group>";
		};
/* End PBXGroup section */

/* Begin PBXNativeTarget section */
		2B22A61122F6988B00128814 /* SwiftUICatalog */ = {
			isa = PBXNativeTarget;
			buildConfigurationList = 2B22A63C22F6988F00128814 /* Build configuration list for PBXNativeTarget "SwiftUICatalog" */;
			buildPhases = (
				2B22A60E22F6988B00128814 /* Sources */,
				2B22A60F22F6988B00128814 /* Frameworks */,
				2B22A61022F6988B00128814 /* Resources */,
			);
			buildRules = (
			);
			dependencies = (
			);
			name = SwiftUICatalog;
			productName = SwiftUICatalog;
			productReference = 2B22A61222F6988B00128814 /* SwiftUICatalog.app */;
			productType = "com.apple.product-type.application";
		};
		2B22A62722F6988E00128814 /* SwiftUICatalogTests */ = {
			isa = PBXNativeTarget;
			buildConfigurationList = 2B22A63F22F6988F00128814 /* Build configuration list for PBXNativeTarget "SwiftUICatalogTests" */;
			buildPhases = (
				2B22A62422F6988E00128814 /* Sources */,
				2B22A62522F6988E00128814 /* Frameworks */,
				2B22A62622F6988E00128814 /* Resources */,
			);
			buildRules = (
			);
			dependencies = (
				2B22A62A22F6988E00128814 /* PBXTargetDependency */,
			);
			name = SwiftUICatalogTests;
			productName = SwiftUICatalogTests;
			productReference = 2B22A62822F6988E00128814 /* SwiftUICatalogTests.xctest */;
			productType = "com.apple.product-type.bundle.unit-test";
		};
		2B22A63222F6988F00128814 /* SwiftUICatalogUITests */ = {
			isa = PBXNativeTarget;
			buildConfigurationList = 2B22A64222F6988F00128814 /* Build configuration list for PBXNativeTarget "SwiftUICatalogUITests" */;
			buildPhases = (
				2B22A62F22F6988F00128814 /* Sources */,
				2B22A63022F6988F00128814 /* Frameworks */,
				2B22A63122F6988F00128814 /* Resources */,
			);
			buildRules = (
			);
			dependencies = (
				2B22A63522F6988F00128814 /* PBXTargetDependency */,
			);
			name = SwiftUICatalogUITests;
			productName = SwiftUICatalogUITests;
			productReference = 2B22A63322F6988F00128814 /* SwiftUICatalogUITests.xctest */;
			productType = "com.apple.product-type.bundle.ui-testing";
		};
/* End PBXNativeTarget section */

/* Begin PBXProject section */
		2B22A60A22F6988B00128814 /* Project object */ = {
			isa = PBXProject;
			attributes = {
				LastSwiftUpdateCheck = 1100;
				LastUpgradeCheck = 1100;
				ORGANIZATIONNAME = "Kazuhiro Hayashi";
				TargetAttributes = {
					2B22A61122F6988B00128814 = {
						CreatedOnToolsVersion = 11.0;
					};
					2B22A62722F6988E00128814 = {
						CreatedOnToolsVersion = 11.0;
						TestTargetID = 2B22A61122F6988B00128814;
					};
					2B22A63222F6988F00128814 = {
						CreatedOnToolsVersion = 11.0;
						TestTargetID = 2B22A61122F6988B00128814;
					};
				};
			};
			buildConfigurationList = 2B22A60D22F6988B00128814 /* Build configuration list for PBXProject "SwiftUICatalog" */;
			compatibilityVersion = "Xcode 9.3";
			developmentRegion = en;
			hasScannedForEncodings = 0;
			knownRegions = (
				en,
				Base,
			);
			mainGroup = 2B22A60922F6988B00128814;
			productRefGroup = 2B22A61322F6988B00128814 /* Products */;
			projectDirPath = "";
			projectRoot = "";
			targets = (
				2B22A61122F6988B00128814 /* SwiftUICatalog */,
				2B22A62722F6988E00128814 /* SwiftUICatalogTests */,
				2B22A63222F6988F00128814 /* SwiftUICatalogUITests */,
			);
		};
/* End PBXProject section */

/* Begin PBXResourcesBuildPhase section */
		2B22A61022F6988B00128814 /* Resources */ = {
			isa = PBXResourcesBuildPhase;
			buildActionMask = 2147483647;
			files = (
				2B22A62222F6988E00128814 /* LaunchScreen.storyboard in Resources */,
				2B22A61F22F6988E00128814 /* Preview Assets.xcassets in Resources */,
				2B22A61C22F6988E00128814 /* Assets.xcassets in Resources */,
			);
			runOnlyForDeploymentPostprocessing = 0;
		};
		2B22A62622F6988E00128814 /* Resources */ = {
			isa = PBXResourcesBuildPhase;
			buildActionMask = 2147483647;
			files = (
			);
			runOnlyForDeploymentPostprocessing = 0;
		};
		2B22A63122F6988F00128814 /* Resources */ = {
			isa = PBXResourcesBuildPhase;
			buildActionMask = 2147483647;
			files = (
			);
			runOnlyForDeploymentPostprocessing = 0;
		};
/* End PBXResourcesBuildPhase section */

/* Begin PBXSourcesBuildPhase section */
		2B22A60E22F6988B00128814 /* Sources */ = {
			isa = PBXSourcesBuildPhase;
			buildActionMask = 2147483647;
			files = (
				2B66DEA822FA5EE400DEE894 /* LinearGradientSample.swift in Sources */,
				2B067BAE22F98D63004A8051 /* Group.swift in Sources */,
				2BE6429522FA62D8002B4E09 /* AlertSample.swift in Sources */,
				2BCE76DB22FD6762007ED1A3 /* GestureStateGestureSample.swift in Sources */,
				2BE6429722FA62E5002B4E09 /* ActionSheetSample.swift in Sources */,
				2B66DEA222FA5E7F00DEE894 /* TransformedShapeSample.swift in Sources */,
				2BE6427D22FA61FA002B4E09 /* ViewModifierSample.swift in Sources */,
				2B66DE8C22FA5C8400DEE894 /* AnimatablePairSample.swift in Sources */,
				2BCE76D522FD6743007ED1A3 /* GestureSample.swift in Sources */,
				2BE6427B22FA61ED002B4E09 /* ViewBuilderSample.swift in Sources */,
				2BE6429122FA629F002B4E09 /* EquatableViewSample.swift in Sources */,
				2BE6428122FA6231002B4E09 /* DividerSample.swift in Sources */,
				2BCE76CB22FD6712007ED1A3 /* MagnificationGestureSample.swift in Sources */,
				2BE6428522FA624B002B4E09 /* NavigationViewContentSample.swift in Sources */,
				2BE6426122FA613E002B4E09 /* TextFieldSample.swift in Sources */,
				2B66DEAC22FA5EFA00DEE894 /* RadialGradientSample.swift in Sources */,
				2BCE76C922FD6707007ED1A3 /* DragGestureSample.swift in Sources */,
				2B66DE8822FA5C5700DEE894 /* AnimatableSample.swift in Sources */,
				2BE6428D22FA627B002B4E09 /* AnyViewSample.swift in Sources */,
				2BCE76DD22FD678B007ED1A3 /* GestureMaskSample.swift in Sources */,
				2BE6427F22FA621A002B4E09 /* SpacerSample.swift in Sources */,
				2BCE76D322FD6738007ED1A3 /* ExclusiveGestureSample.swift in Sources */,
				2BE6427322FA61BB002B4E09 /* DatePickerSample.swift in Sources */,
				2B66DE9622FA5D2D00DEE894 /* EllipseSample.swift in Sources */,
				2B4F675222FA5BD200EF5403 /* AnimationSample.swift in Sources */,
				2B66DE8A22FA5C6900DEE894 /* WithAnimationSample.swift in Sources */,
				2B22A61622F6988B00128814 /* AppDelegate.swift in Sources */,
				2B66DEB222FA5F7E00DEE894 /* GeometryReaderSample.swift in Sources */,
				2B067BB122F98E30004A8051 /* ViewAndControls.swift in Sources */,
				2BCE76C522FD66E7007ED1A3 /* TapGestureSample.swift in Sources */,
				2B067BA822F98C31004A8051 /* List.swift in Sources */,
				2B22A61822F6988B00128814 /* SceneDelegate.swift in Sources */,
				2BCE76DF22FD6796007ED1A3 /* EventModifierSample.swift in Sources */,
				2BE6428322FA623A002B4E09 /* NavigationViewSample.swift in Sources */,
				2BE6426522FA6164002B4E09 /* FontSample.swift in Sources */,
				2B66DE9422FA5D1B00DEE894 /* CircleSample.swift in Sources */,
				2BE6427922FA61DF002B4E09 /* SegmentedPickerSample.swift in Sources */,
				2BE6428922FA6263002B4E09 /* TabViewSample.swift in Sources */,
				2B69101222F9B3F300149C5F /* DrawingAndAnimation.swift in Sources */,
				2B66DEA022FA5E5500DEE894 /* OffsetShapeSample.swift in Sources */,
				2B66DE9022FA5CD000DEE894 /* EdgeSample.swift in Sources */,
				2BE6426322FA6157002B4E09 /* SecureFieldSample.swift in Sources */,
				2B067BA622F98C08004A8051 /* ZStack.swift in Sources */,
				2BCE76D122FD672F007ED1A3 /* SimultaneousGestureSample.swift in Sources */,
				2B66DE9222FA5CE700DEE894 /* RoundedRectangleSample.swift in Sources */,
				2BCE76CD22FD671B007ED1A3 /* RotationGestureSample.swift in Sources */,
				2B69101522F9B6C600149C5F /* Gesture.swift in Sources */,
				2BCE76D722FD674B007ED1A3 /* AnyGestureSample.swift in Sources */,
				2B067BA222F98B46004A8051 /* HStack.swift in Sources */,
				2B66DEB422FA60C900DEE894 /* TextSample.swift in Sources */,
				2B067BA022F98B12004A8051 /* ViewLayoutAndPresentationList.swift in Sources */,
				2BE6426922FA6182002B4E09 /* ButtonSample.swift in Sources */,
				2BE6427122FA61B1002B4E09 /* PickerSample.swift in Sources */,
				2BE6428F22FA6291002B4E09 /* TupleViewSample.swift in Sources */,
				2B66DE9A22FA5D5600DEE894 /* PathSample.swift in Sources */,
				2B22A61A22F6988B00128814 /* ContentView.swift in Sources */,
				2BE6426D22FA6194002B4E09 /* EditButtonSample.swift in Sources */,
				2B66DE8E22FA5CBC00DEE894 /* RectangleSample.swift in Sources */,
				2B66DEA422FA5EBF00DEE894 /* ColorSample.swift in Sources */,
				2BCE76CF22FD6725007ED1A3 /* SequenceGestureSample.swift in Sources */,
				2BE6427722FA61D0002B4E09 /* StepperSample.swift in Sources */,
				2BE6426F22FA61A3002B4E09 /* ToggleSample.swift in Sources */,
				2B66DE9C22FA5DBA00DEE894 /* ScaledShapeSample.swift in Sources */,
				2BE6428B22FA6271002B4E09 /* EmptyViewSample.swift in Sources */,
				2BCE76D922FD6757007ED1A3 /* GestureStateSample.swift in Sources */,
				2B067BAC22F98D1C004A8051 /* Form.swift in Sources */,
				2BE6427522FA61C5002B4E09 /* SliderSample.swift in Sources */,
				2BE6426722FA6170002B4E09 /* ImageSample.swift in Sources */,
				2B66DE9822FA5D4200DEE894 /* CapsuleSample.swift in Sources */,
				2B66DEA622FA5ED600DEE894 /* ImagePaintSample.swift in Sources */,
				2BE6428722FA6255002B4E09 /* TabViewPresentationSample.swift in Sources */,
				2B66DEAA22FA5EEF00DEE894 /* AngularGradientSample.swift in Sources */,
				2B66DE9E22FA5E0800DEE894 /* RotatedShapeSample.swift in Sources */,
				2BE6426B22FA618C002B4E09 /* NavigationLinkSample.swift in Sources */,
				2B067BA422F98BD5004A8051 /* VStack.swift in Sources */,
				2BCE76C722FD66F4007ED1A3 /* LongPressGestureSample.swift in Sources */,
				2B067BAA22F98C56004A8051 /* ScrollView.swift in Sources */,
			);
			runOnlyForDeploymentPostprocessing = 0;
		};
		2B22A62422F6988E00128814 /* Sources */ = {
			isa = PBXSourcesBuildPhase;
			buildActionMask = 2147483647;
			files = (
				2B22A62D22F6988E00128814 /* SwiftUICatalogTests.swift in Sources */,
			);
			runOnlyForDeploymentPostprocessing = 0;
		};
		2B22A62F22F6988F00128814 /* Sources */ = {
			isa = PBXSourcesBuildPhase;
			buildActionMask = 2147483647;
			files = (
				2B22A63822F6988F00128814 /* SwiftUICatalogUITests.swift in Sources */,
			);
			runOnlyForDeploymentPostprocessing = 0;
		};
/* End PBXSourcesBuildPhase section */

/* Begin PBXTargetDependency section */
		2B22A62A22F6988E00128814 /* PBXTargetDependency */ = {
			isa = PBXTargetDependency;
			target = 2B22A61122F6988B00128814 /* SwiftUICatalog */;
			targetProxy = 2B22A62922F6988E00128814 /* PBXContainerItemProxy */;
		};
		2B22A63522F6988F00128814 /* PBXTargetDependency */ = {
			isa = PBXTargetDependency;
			target = 2B22A61122F6988B00128814 /* SwiftUICatalog */;
			targetProxy = 2B22A63422F6988F00128814 /* PBXContainerItemProxy */;
		};
/* End PBXTargetDependency section */

/* Begin PBXVariantGroup section */
		2B22A62022F6988E00128814 /* LaunchScreen.storyboard */ = {
			isa = PBXVariantGroup;
			children = (
				2B22A62122F6988E00128814 /* Base */,
			);
			name = LaunchScreen.storyboard;
			sourceTree = "<group>";
		};
/* End PBXVariantGroup section */

/* Begin XCBuildConfiguration section */
		2B22A63A22F6988F00128814 /* Debug */ = {
			isa = XCBuildConfiguration;
			buildSettings = {
				ALWAYS_SEARCH_USER_PATHS = NO;
				CLANG_ANALYZER_NONNULL = YES;
				CLANG_ANALYZER_NUMBER_OBJECT_CONVERSION = YES_AGGRESSIVE;
				CLANG_CXX_LANGUAGE_STANDARD = "gnu++14";
				CLANG_CXX_LIBRARY = "libc++";
				CLANG_ENABLE_MODULES = YES;
				CLANG_ENABLE_OBJC_ARC = YES;
				CLANG_ENABLE_OBJC_WEAK = YES;
				CLANG_WARN_BLOCK_CAPTURE_AUTORELEASING = YES;
				CLANG_WARN_BOOL_CONVERSION = YES;
				CLANG_WARN_COMMA = YES;
				CLANG_WARN_CONSTANT_CONVERSION = YES;
				CLANG_WARN_DEPRECATED_OBJC_IMPLEMENTATIONS = YES;
				CLANG_WARN_DIRECT_OBJC_ISA_USAGE = YES_ERROR;
				CLANG_WARN_DOCUMENTATION_COMMENTS = YES;
				CLANG_WARN_EMPTY_BODY = YES;
				CLANG_WARN_ENUM_CONVERSION = YES;
				CLANG_WARN_INFINITE_RECURSION = YES;
				CLANG_WARN_INT_CONVERSION = YES;
				CLANG_WARN_NON_LITERAL_NULL_CONVERSION = YES;
				CLANG_WARN_OBJC_IMPLICIT_RETAIN_SELF = YES;
				CLANG_WARN_OBJC_LITERAL_CONVERSION = YES;
				CLANG_WARN_OBJC_ROOT_CLASS = YES_ERROR;
				CLANG_WARN_RANGE_LOOP_ANALYSIS = YES;
				CLANG_WARN_STRICT_PROTOTYPES = YES;
				CLANG_WARN_SUSPICIOUS_MOVE = YES;
				CLANG_WARN_UNGUARDED_AVAILABILITY = YES_AGGRESSIVE;
				CLANG_WARN_UNREACHABLE_CODE = YES;
				CLANG_WARN__DUPLICATE_METHOD_MATCH = YES;
				COPY_PHASE_STRIP = NO;
				DEBUG_INFORMATION_FORMAT = dwarf;
				ENABLE_STRICT_OBJC_MSGSEND = YES;
				ENABLE_TESTABILITY = YES;
				GCC_C_LANGUAGE_STANDARD = gnu11;
				GCC_DYNAMIC_NO_PIC = NO;
				GCC_NO_COMMON_BLOCKS = YES;
				GCC_OPTIMIZATION_LEVEL = 0;
				GCC_PREPROCESSOR_DEFINITIONS = (
					"DEBUG=1",
					"$(inherited)",
				);
				GCC_WARN_64_TO_32_BIT_CONVERSION = YES;
				GCC_WARN_ABOUT_RETURN_TYPE = YES_ERROR;
				GCC_WARN_UNDECLARED_SELECTOR = YES;
				GCC_WARN_UNINITIALIZED_AUTOS = YES_AGGRESSIVE;
				GCC_WARN_UNUSED_FUNCTION = YES;
				GCC_WARN_UNUSED_VARIABLE = YES;
				IPHONEOS_DEPLOYMENT_TARGET = 13.0;
				MTL_ENABLE_DEBUG_INFO = INCLUDE_SOURCE;
				MTL_FAST_MATH = YES;
				ONLY_ACTIVE_ARCH = YES;
				SDKROOT = iphoneos;
				SWIFT_ACTIVE_COMPILATION_CONDITIONS = DEBUG;
				SWIFT_OPTIMIZATION_LEVEL = "-Onone";
			};
			name = Debug;
		};
		2B22A63B22F6988F00128814 /* Release */ = {
			isa = XCBuildConfiguration;
			buildSettings = {
				ALWAYS_SEARCH_USER_PATHS = NO;
				CLANG_ANALYZER_NONNULL = YES;
				CLANG_ANALYZER_NUMBER_OBJECT_CONVERSION = YES_AGGRESSIVE;
				CLANG_CXX_LANGUAGE_STANDARD = "gnu++14";
				CLANG_CXX_LIBRARY = "libc++";
				CLANG_ENABLE_MODULES = YES;
				CLANG_ENABLE_OBJC_ARC = YES;
				CLANG_ENABLE_OBJC_WEAK = YES;
				CLANG_WARN_BLOCK_CAPTURE_AUTORELEASING = YES;
				CLANG_WARN_BOOL_CONVERSION = YES;
				CLANG_WARN_COMMA = YES;
				CLANG_WARN_CONSTANT_CONVERSION = YES;
				CLANG_WARN_DEPRECATED_OBJC_IMPLEMENTATIONS = YES;
				CLANG_WARN_DIRECT_OBJC_ISA_USAGE = YES_ERROR;
				CLANG_WARN_DOCUMENTATION_COMMENTS = YES;
				CLANG_WARN_EMPTY_BODY = YES;
				CLANG_WARN_ENUM_CONVERSION = YES;
				CLANG_WARN_INFINITE_RECURSION = YES;
				CLANG_WARN_INT_CONVERSION = YES;
				CLANG_WARN_NON_LITERAL_NULL_CONVERSION = YES;
				CLANG_WARN_OBJC_IMPLICIT_RETAIN_SELF = YES;
				CLANG_WARN_OBJC_LITERAL_CONVERSION = YES;
				CLANG_WARN_OBJC_ROOT_CLASS = YES_ERROR;
				CLANG_WARN_RANGE_LOOP_ANALYSIS = YES;
				CLANG_WARN_STRICT_PROTOTYPES = YES;
				CLANG_WARN_SUSPICIOUS_MOVE = YES;
				CLANG_WARN_UNGUARDED_AVAILABILITY = YES_AGGRESSIVE;
				CLANG_WARN_UNREACHABLE_CODE = YES;
				CLANG_WARN__DUPLICATE_METHOD_MATCH = YES;
				COPY_PHASE_STRIP = NO;
				DEBUG_INFORMATION_FORMAT = "dwarf-with-dsym";
				ENABLE_NS_ASSERTIONS = NO;
				ENABLE_STRICT_OBJC_MSGSEND = YES;
				GCC_C_LANGUAGE_STANDARD = gnu11;
				GCC_NO_COMMON_BLOCKS = YES;
				GCC_WARN_64_TO_32_BIT_CONVERSION = YES;
				GCC_WARN_ABOUT_RETURN_TYPE = YES_ERROR;
				GCC_WARN_UNDECLARED_SELECTOR = YES;
				GCC_WARN_UNINITIALIZED_AUTOS = YES_AGGRESSIVE;
				GCC_WARN_UNUSED_FUNCTION = YES;
				GCC_WARN_UNUSED_VARIABLE = YES;
				IPHONEOS_DEPLOYMENT_TARGET = 13.0;
				MTL_ENABLE_DEBUG_INFO = NO;
				MTL_FAST_MATH = YES;
				SDKROOT = iphoneos;
				SWIFT_COMPILATION_MODE = wholemodule;
				SWIFT_OPTIMIZATION_LEVEL = "-O";
				VALIDATE_PRODUCT = YES;
			};
			name = Release;
		};
		2B22A63D22F6988F00128814 /* Debug */ = {
			isa = XCBuildConfiguration;
			buildSettings = {
				ASSETCATALOG_COMPILER_APPICON_NAME = AppIcon;
				CODE_SIGN_STYLE = Automatic;
				DEVELOPMENT_ASSET_PATHS = "SwiftUICatalog/Preview\\ Content";
				DEVELOPMENT_TEAM = R33Y42SDDR;
				ENABLE_PREVIEWS = YES;
				INFOPLIST_FILE = SwiftUICatalog/Info.plist;
				LD_RUNPATH_SEARCH_PATHS = (
					"$(inherited)",
					"@executable_path/Frameworks",
				);
				PRODUCT_BUNDLE_IDENTIFIER = kazuhiro.hayashi.SwiftUICatalog;
				PRODUCT_NAME = "$(TARGET_NAME)";
				SWIFT_VERSION = 5.0;
				TARGETED_DEVICE_FAMILY = "1,2";
			};
			name = Debug;
		};
		2B22A63E22F6988F00128814 /* Release */ = {
			isa = XCBuildConfiguration;
			buildSettings = {
				ASSETCATALOG_COMPILER_APPICON_NAME = AppIcon;
				CODE_SIGN_STYLE = Automatic;
				DEVELOPMENT_ASSET_PATHS = "SwiftUICatalog/Preview\\ Content";
				DEVELOPMENT_TEAM = R33Y42SDDR;
				ENABLE_PREVIEWS = YES;
				INFOPLIST_FILE = SwiftUICatalog/Info.plist;
				LD_RUNPATH_SEARCH_PATHS = (
					"$(inherited)",
					"@executable_path/Frameworks",
				);
				PRODUCT_BUNDLE_IDENTIFIER = kazuhiro.hayashi.SwiftUICatalog;
				PRODUCT_NAME = "$(TARGET_NAME)";
				SWIFT_VERSION = 5.0;
				TARGETED_DEVICE_FAMILY = "1,2";
			};
			name = Release;
		};
		2B22A64022F6988F00128814 /* Debug */ = {
			isa = XCBuildConfiguration;
			buildSettings = {
				ALWAYS_EMBED_SWIFT_STANDARD_LIBRARIES = YES;
				BUNDLE_LOADER = "$(TEST_HOST)";
				CODE_SIGN_STYLE = Automatic;
				DEVELOPMENT_TEAM = R33Y42SDDR;
				INFOPLIST_FILE = SwiftUICatalogTests/Info.plist;
				LD_RUNPATH_SEARCH_PATHS = (
					"$(inherited)",
					"@executable_path/Frameworks",
					"@loader_path/Frameworks",
				);
				PRODUCT_BUNDLE_IDENTIFIER = kazuhiro.hayashi.SwiftUICatalogTests;
				PRODUCT_NAME = "$(TARGET_NAME)";
				SWIFT_VERSION = 5.0;
				TARGETED_DEVICE_FAMILY = "1,2";
				TEST_HOST = "$(BUILT_PRODUCTS_DIR)/SwiftUICatalog.app/SwiftUICatalog";
			};
			name = Debug;
		};
		2B22A64122F6988F00128814 /* Release */ = {
			isa = XCBuildConfiguration;
			buildSettings = {
				ALWAYS_EMBED_SWIFT_STANDARD_LIBRARIES = YES;
				BUNDLE_LOADER = "$(TEST_HOST)";
				CODE_SIGN_STYLE = Automatic;
				DEVELOPMENT_TEAM = R33Y42SDDR;
				INFOPLIST_FILE = SwiftUICatalogTests/Info.plist;
				LD_RUNPATH_SEARCH_PATHS = (
					"$(inherited)",
					"@executable_path/Frameworks",
					"@loader_path/Frameworks",
				);
				PRODUCT_BUNDLE_IDENTIFIER = kazuhiro.hayashi.SwiftUICatalogTests;
				PRODUCT_NAME = "$(TARGET_NAME)";
				SWIFT_VERSION = 5.0;
				TARGETED_DEVICE_FAMILY = "1,2";
				TEST_HOST = "$(BUILT_PRODUCTS_DIR)/SwiftUICatalog.app/SwiftUICatalog";
			};
			name = Release;
		};
		2B22A64322F6988F00128814 /* Debug */ = {
			isa = XCBuildConfiguration;
			buildSettings = {
				ALWAYS_EMBED_SWIFT_STANDARD_LIBRARIES = YES;
				CODE_SIGN_STYLE = Automatic;
				DEVELOPMENT_TEAM = R33Y42SDDR;
				INFOPLIST_FILE = SwiftUICatalogUITests/Info.plist;
				LD_RUNPATH_SEARCH_PATHS = (
					"$(inherited)",
					"@executable_path/Frameworks",
					"@loader_path/Frameworks",
				);
				PRODUCT_BUNDLE_IDENTIFIER = kazuhiro.hayashi.SwiftUICatalogUITests;
				PRODUCT_NAME = "$(TARGET_NAME)";
				SWIFT_VERSION = 5.0;
				TARGETED_DEVICE_FAMILY = "1,2";
				TEST_TARGET_NAME = SwiftUICatalog;
			};
			name = Debug;
		};
		2B22A64422F6988F00128814 /* Release */ = {
			isa = XCBuildConfiguration;
			buildSettings = {
				ALWAYS_EMBED_SWIFT_STANDARD_LIBRARIES = YES;
				CODE_SIGN_STYLE = Automatic;
				DEVELOPMENT_TEAM = R33Y42SDDR;
				INFOPLIST_FILE = SwiftUICatalogUITests/Info.plist;
				LD_RUNPATH_SEARCH_PATHS = (
					"$(inherited)",
					"@executable_path/Frameworks",
					"@loader_path/Frameworks",
				);
				PRODUCT_BUNDLE_IDENTIFIER = kazuhiro.hayashi.SwiftUICatalogUITests;
				PRODUCT_NAME = "$(TARGET_NAME)";
				SWIFT_VERSION = 5.0;
				TARGETED_DEVICE_FAMILY = "1,2";
				TEST_TARGET_NAME = SwiftUICatalog;
			};
			name = Release;
		};
/* End XCBuildConfiguration section */

/* Begin XCConfigurationList section */
		2B22A60D22F6988B00128814 /* Build configuration list for PBXProject "SwiftUICatalog" */ = {
			isa = XCConfigurationList;
			buildConfigurations = (
				2B22A63A22F6988F00128814 /* Debug */,
				2B22A63B22F6988F00128814 /* Release */,
			);
			defaultConfigurationIsVisible = 0;
			defaultConfigurationName = Release;
		};
		2B22A63C22F6988F00128814 /* Build configuration list for PBXNativeTarget "SwiftUICatalog" */ = {
			isa = XCConfigurationList;
			buildConfigurations = (
				2B22A63D22F6988F00128814 /* Debug */,
				2B22A63E22F6988F00128814 /* Release */,
			);
			defaultConfigurationIsVisible = 0;
			defaultConfigurationName = Release;
		};
		2B22A63F22F6988F00128814 /* Build configuration list for PBXNativeTarget "SwiftUICatalogTests" */ = {
			isa = XCConfigurationList;
			buildConfigurations = (
				2B22A64022F6988F00128814 /* Debug */,
				2B22A64122F6988F00128814 /* Release */,
			);
			defaultConfigurationIsVisible = 0;
			defaultConfigurationName = Release;
		};
		2B22A64222F6988F00128814 /* Build configuration list for PBXNativeTarget "SwiftUICatalogUITests" */ = {
			isa = XCConfigurationList;
			buildConfigurations = (
				2B22A64322F6988F00128814 /* Debug */,
				2B22A64422F6988F00128814 /* Release */,
			);
			defaultConfigurationIsVisible = 0;
			defaultConfigurationName = Release;
		};
/* End XCConfigurationList section */
	};
	rootObject = 2B22A60A22F6988B00128814 /* Project object */;
}
